
Microsoft Visual Studio Solution File, Format Version 12.00
# Visual Studio Version 17
VisualStudioVersion = 17.8.34511.84
MinimumVisualStudioVersion = 10.0.40219.1
Project("{FAE04EC0-301F-11D3-BF4B-00C04F79EFBC}") = "reactBackend", "reactBackend\reactBackend.csproj", "{C922DD6F-136E-4D29-8E32-901EEC4A5C62}"
EndProject
Project("{FAE04EC0-301F-11D3-BF4B-00C04F79EFBC}") = "temporal", "temporal\temporal.csproj", "{65EE78DF-6DC0-418D-B48B-664CB9A3EE0D}"
EndProject
Global
	GlobalSection(SolutionConfigurationPlatforms) = preSolution
		Debug|Any CPU = Debug|Any CPU
		Release|Any CPU = Release|Any CPU
	EndGlobalSection
	GlobalSection(ProjectConfigurationPlatforms) = postSolution
		{C922DD6F-136E-4D29-8E32-901EEC4A5C62}.Debug|Any CPU.ActiveCfg = Debug|Any CPU
		{C922DD6F-136E-4D29-8E32-901EEC4A5C62}.Debug|Any CPU.Build.0 = Debug|Any CPU
		{C922DD6F-136E-4D29-8E32-901EEC4A5C62}.Release|Any CPU.ActiveCfg = Release|Any CPU
		{C922DD6F-136E-4D29-8E32-901EEC4A5C62}.Release|Any CPU.Build.0 = Release|Any CPU
		{65EE78DF-6DC0-418D-B48B-664CB9A3EE0D}.Debug|Any CPU.ActiveCfg = Debug|Any CPU
		{65EE78DF-6DC0-418D-B48B-664CB9A3EE0D}.Debug|Any CPU.Build.0 = Debug|Any CPU
		{65EE78DF-6DC0-418D-B48B-664CB9A3EE0D}.Release|Any CPU.ActiveCfg = Release|Any CPU
		{65EE78DF-6DC0-418D-B48B-664CB9A3EE0D}.Release|Any CPU.Build.0 = Release|Any CPU
	EndGlobalSection
	GlobalSection(SolutionProperties) = preSolution
		HideSolutionNode = FALSE
	EndGlobalSection
	GlobalSection(ExtensibilityGlobals) = postSolution
		SolutionGuid = {C246EE88-BDFA-41DE-B8B7-B37124855FAD}
	EndGlobalSection
EndGlobal
